
Microsoft Visual Studio Solution File, Format Version 12.00
# Visual Studio Version 16
VisualStudioVersion = 16.0.29613.14
MinimumVisualStudioVersion = 10.0.40219.1
Project("{FAE04EC0-301F-11D3-BF4B-00C04F79EFBC}") = "UTCalculator", "UTCalculator\UTCalculator.csproj", "{0F220EA7-1D93-4106-9699-418469342B1C}"
EndProject
Project("{FAE04EC0-301F-11D3-BF4B-00C04F79EFBC}") = "CalculatorTest", "CalculatorTest\CalculatorTest.csproj", "{070C6593-4C64-40A9-8E44-2F77FFBEFCDA}"
EndProject
Global
	GlobalSection(SolutionConfigurationPlatforms) = preSolution
		Debug|Any CPU = Debug|Any CPU
		Release|Any CPU = Release|Any CPU
	EndGlobalSection
	GlobalSection(ProjectConfigurationPlatforms) = postSolution
		{0F220EA7-1D93-4106-9699-418469342B1C}.Debug|Any CPU.ActiveCfg = Debug|Any CPU
		{0F220EA7-1D93-4106-9699-418469342B1C}.Debug|Any CPU.Build.0 = Debug|Any CPU
		{0F220EA7-1D93-4106-9699-418469342B1C}.Release|Any CPU.ActiveCfg = Release|Any CPU
		{0F220EA7-1D93-4106-9699-418469342B1C}.Release|Any CPU.Build.0 = Release|Any CPU
		{070C6593-4C64-40A9-8E44-2F77FFBEFCDA}.Debug|Any CPU.ActiveCfg = Debug|Any CPU
		{070C6593-4C64-40A9-8E44-2F77FFBEFCDA}.Debug|Any CPU.Build.0 = Debug|Any CPU
		{070C6593-4C64-40A9-8E44-2F77FFBEFCDA}.Release|Any CPU.ActiveCfg = Release|Any CPU
		{070C6593-4C64-40A9-8E44-2F77FFBEFCDA}.Release|Any CPU.Build.0 = Release|Any CPU
	EndGlobalSection
	GlobalSection(SolutionProperties) = preSolution
		HideSolutionNode = FALSE
	EndGlobalSection
	GlobalSection(ExtensibilityGlobals) = postSolution
		SolutionGuid = {6836FB25-C2B7-4D84-9DD1-5336D35E97C2}
	EndGlobalSection
EndGlobal
